{
  "originHash" : "b1504b2351664c79cc3c208a214311386def7dcccb364a296c3bb0587195a9fe",
  "pins" : [
    {
      "identity" : "kingfisher",
      "kind" : "remoteSourceControl",
      "location" : "https://github.com/onevcat/Kingfisher.git",
      "state" : {
        "revision" : "2ef543ee21d63734e1c004ad6c870255e8716c50",
        "version" : "7.12.0"
      }
    },
    {
      "identity" : "swiftdraw",
      "kind" : "remoteSourceControl",
      "location" : "https://github.com/swhitty/SwiftDraw.git",
      "state" : {
        "revision" : "a5c680f07b33f4cc9a451491b417b8119de23c6e",
        "version" : "0.17.0"
      }
    }
  ],
  "version" : 3
}
