// !$*UTF8*$!
{
	archiveVersion = 1;
	classes = {
	};
	objectVersion = 56;
	objects = {

/* Begin PBXBuildFile section */
		C646C6E82C61C8FF00611D5A /* AppDelegate.swift in Sources */ = {isa = PBXBuildFile; fileRef = C646C6E72C61C8FF00611D5A /* AppDelegate.swift */; };
		C646C6EA2C61C8FF00611D5A /* SceneDelegate.swift in Sources */ = {isa = PBXBuildFile; fileRef = C646C6E92C61C8FF00611D5A /* SceneDelegate.swift */; };
		C646C6EC2C61C8FF00611D5A /* ViewController.swift in Sources */ = {isa = PBXBuildFile; fileRef = C646C6EB2C61C8FF00611D5A /* ViewController.swift */; };
		C646C6EF2C61C8FF00611D5A /* Base in Resources */ = {isa = PBXBuildFile; fileRef = C646C6EE2C61C8FF00611D5A /* Base */; };
		C646C6F12C61C90100611D5A /* Assets.xcassets in Resources */ = {isa = PBXBuildFile; fileRef = C646C6F02C61C90100611D5A /* Assets.xcassets */; };
		C646C6F42C61C90100611D5A /* Base in Resources */ = {isa = PBXBuildFile; fileRef = C646C6F32C61C90100611D5A /* Base */; };
		C646C6FF2C61CD3E00611D5A /* Kingfisher in Frameworks */ = {isa = PBXBuildFile; productRef = C646C6FE2C61CD3E00611D5A /* Kingfisher */; };
		C646C7022C61CD4D00611D5A /* SwiftDraw in Frameworks */ = {isa = PBXBuildFile; productRef = C646C7012C61CD4D00611D5A /* SwiftDraw */; };
		C646C7072C61CEAC00611D5A /* Acones.swift in Sources */ = {isa = PBXBuildFile; fileRef = C646C7042C61CEAC00611D5A /* Acones.swift */; };
/* End PBXBuildFile section */

/* Begin PBXFileReference section */
		C646C6E42C61C8FF00611D5A /* AconesDemo.app */ = {isa = PBXFileReference; explicitFileType = wrapper.application; includeInIndex = 0; path = AconesDemo.app; sourceTree = BUILT_PRODUCTS_DIR; };
		C646C6E72C61C8FF00611D5A /* AppDelegate.swift */ = {isa = PBXFileReference; lastKnownFileType = sourcecode.swift; path = AppDelegate.swift; sourceTree = "<group>"; };
		C646C6E92C61C8FF00611D5A /* SceneDelegate.swift */ = {isa = PBXFileReference; lastKnownFileType = sourcecode.swift; path = SceneDelegate.swift; sourceTree = "<group>"; };
		C646C6EB2C61C8FF00611D5A /* ViewController.swift */ = {isa = PBXFileReference; lastKnownFileType = sourcecode.swift; path = ViewController.swift; sourceTree = "<group>"; };
		C646C6EE2C61C8FF00611D5A /* Base */ = {isa = PBXFileReference; lastKnownFileType = file.storyboard; name = Base; path = Base.lproj/Main.storyboard; sourceTree = "<group>"; };
		C646C6F02C61C90100611D5A /* Assets.xcassets */ = {isa = PBXFileReference; lastKnownFileType = folder.assetcatalog; path = Assets.xcassets; sourceTree = "<group>"; };
		C646C6F32C61C90100611D5A /* Base */ = {isa = PBXFileReference; lastKnownFileType = file.storyboard; name = Base; path = Base.lproj/LaunchScreen.storyboard; sourceTree = "<group>"; };
		C646C6F52C61C90100611D5A /* Info.plist */ = {isa = PBXFileReference; lastKnownFileType = text.plist.xml; path = Info.plist; sourceTree = "<group>"; };
		C646C7042C61CEAC00611D5A /* Acones.swift */ = {isa = PBXFileReference; fileEncoding = 4; lastKnownFileType = sourcecode.swift; path = Acones.swift; sourceTree = "<group>"; };
/* End PBXFileReference section */

/* Begin PBXFrameworksBuildPhase section */
		C646C6E12C61C8FF00611D5A /* Frameworks */ = {
			isa = PBXFrameworksBuildPhase;
			buildActionMask = 2147483647;
			files = (
				C646C7022C61CD4D00611D5A /* SwiftDraw in Frameworks */,
				C646C6FF2C61CD3E00611D5A /* Kingfisher in Frameworks */,
			);
			runOnlyForDeploymentPostprocessing = 0;
		};
/* End PBXFrameworksBuildPhase section */

/* Begin PBXGroup section */
		C646C6DB2C61C8FF00611D5A = {
			isa = PBXGroup;
			children = (
				C646C6E62C61C8FF00611D5A /* AconesDemo */,
				C646C6E52C61C8FF00611D5A /* Products */,
			);
			sourceTree = "<group>";
		};
		C646C6E52C61C8FF00611D5A /* Products */ = {
			isa = PBXGroup;
			children = (
				C646C6E42C61C8FF00611D5A /* AconesDemo.app */,
			);
			name = Products;
			sourceTree = "<group>";
		};
		C646C6E62C61C8FF00611D5A /* AconesDemo */ = {
			isa = PBXGroup;
			children = (
				C646C7062C61CEAC00611D5A /* Sources */,
				C646C6E72C61C8FF00611D5A /* AppDelegate.swift */,
				C646C6E92C61C8FF00611D5A /* SceneDelegate.swift */,
				C646C6EB2C61C8FF00611D5A /* ViewController.swift */,
				C646C6ED2C61C8FF00611D5A /* Main.storyboard */,
				C646C6F02C61C90100611D5A /* Assets.xcassets */,
				C646C6F22C61C90100611D5A /* LaunchScreen.storyboard */,
				C646C6F52C61C90100611D5A /* Info.plist */,
			);
			path = AconesDemo;
			sourceTree = "<group>";
		};
		C646C7052C61CEAC00611D5A /* Acones */ = {
			isa = PBXGroup;
			children = (
				C646C7042C61CEAC00611D5A /* Acones.swift */,
			);
			path = Acones;
			sourceTree = "<group>";
		};
		C646C7062C61CEAC00611D5A /* Sources */ = {
			isa = PBXGroup;
			children = (
				C646C7052C61CEAC00611D5A /* Acones */,
			);
			name = Sources;
			path = ../../Sources;
			sourceTree = "<group>";
		};
/* End PBXGroup section */

/* Begin PBXNativeTarget section */
		C646C6E32C61C8FF00611D5A /* AconesDemo */ = {
			isa = PBXNativeTarget;
			buildConfigurationList = C646C6F82C61C90100611D5A /* Build configuration list for PBXNativeTarget "AconesDemo" */;
			buildPhases = (
				C646C6E02C61C8FF00611D5A /* Sources */,
				C646C6E12C61C8FF00611D5A /* Frameworks */,
				C646C6E22C61C8FF00611D5A /* Resources */,
			);
			buildRules = (
			);
			dependencies = (
			);
			name = AconesDemo;
			packageProductDependencies = (
				C646C6FE2C61CD3E00611D5A /* Kingfisher */,
				C646C7012C61CD4D00611D5A /* SwiftDraw */,
			);
			productName = AconesDemo;
			productReference = C646C6E42C61C8FF00611D5A /* AconesDemo.app */;
			productType = "com.apple.product-type.application";
		};
/* End PBXNativeTarget section */

/* Begin PBXProject section */
		C646C6DC2C61C8FF00611D5A /* Project object */ = {
			isa = PBXProject;
			attributes = {
				BuildIndependentTargetsInParallel = 1;
				LastSwiftUpdateCheck = 1540;
				LastUpgradeCheck = 1540;
				TargetAttributes = {
					C646C6E32C61C8FF00611D5A = {
						CreatedOnToolsVersion = 15.4;
					};
				};
			};
			buildConfigurationList = C646C6DF2C61C8FF00611D5A /* Build configuration list for PBXProject "AconesDemo" */;
			compatibilityVersion = "Xcode 14.0";
			developmentRegion = en;
			hasScannedForEncodings = 0;
			knownRegions = (
				en,
				Base,
			);
			mainGroup = C646C6DB2C61C8FF00611D5A;
			packageReferences = (
				C646C6FD2C61CD3E00611D5A /* XCRemoteSwiftPackageReference "Kingfisher" */,
				C646C7002C61CD4D00611D5A /* XCRemoteSwiftPackageReference "SwiftDraw" */,
			);
			productRefGroup = C646C6E52C61C8FF00611D5A /* Products */;
			projectDirPath = "";
			projectRoot = "";
			targets = (
				C646C6E32C61C8FF00611D5A /* AconesDemo */,
			);
		};
/* End PBXProject section */

/* Begin PBXResourcesBuildPhase section */
		C646C6E22C61C8FF00611D5A /* Resources */ = {
			isa = PBXResourcesBuildPhase;
			buildActionMask = 2147483647;
			files = (
				C646C6F12C61C90100611D5A /* Assets.xcassets in Resources */,
				C646C6F42C61C90100611D5A /* Base in Resources */,
				C646C6EF2C61C8FF00611D5A /* Base in Resources */,
			);
			runOnlyForDeploymentPostprocessing = 0;
		};
/* End PBXResourcesBuildPhase section */

/* Begin PBXSourcesBuildPhase section */
		C646C6E02C61C8FF00611D5A /* Sources */ = {
			isa = PBXSourcesBuildPhase;
			buildActionMask = 2147483647;
			files = (
				C646C7072C61CEAC00611D5A /* Acones.swift in Sources */,
				C646C6EC2C61C8FF00611D5A /* ViewController.swift in Sources */,
				C646C6E82C61C8FF00611D5A /* AppDelegate.swift in Sources */,
				C646C6EA2C61C8FF00611D5A /* SceneDelegate.swift in Sources */,
			);
			runOnlyForDeploymentPostprocessing = 0;
		};
/* End PBXSourcesBuildPhase section */

/* Begin PBXVariantGroup section */
		C646C6ED2C61C8FF00611D5A /* Main.storyboard */ = {
			isa = PBXVariantGroup;
			children = (
				C646C6EE2C61C8FF00611D5A /* Base */,
			);
			name = Main.storyboard;
			sourceTree = "<group>";
		};
		C646C6F22C61C90100611D5A /* LaunchScreen.storyboard */ = {
			isa = PBXVariantGroup;
			children = (
				C646C6F32C61C90100611D5A /* Base */,
			);
			name = LaunchScreen.storyboard;
			sourceTree = "<group>";
		};
/* End PBXVariantGroup section */

/* Begin XCBuildConfiguration section */
		C646C6F62C61C90100611D5A /* Debug */ = {
			isa = XCBuildConfiguration;
			buildSettings = {
				ALWAYS_SEARCH_USER_PATHS = NO;
				ASSETCATALOG_COMPILER_GENERATE_SWIFT_ASSET_SYMBOL_EXTENSIONS = YES;
				CLANG_ANALYZER_NONNULL = YES;
				CLANG_ANALYZER_NUMBER_OBJECT_CONVERSION = YES_AGGRESSIVE;
				CLANG_CXX_LANGUAGE_STANDARD = "gnu++20";
				CLANG_ENABLE_MODULES = YES;
				CLANG_ENABLE_OBJC_ARC = YES;
				CLANG_ENABLE_OBJC_WEAK = YES;
				CLANG_WARN_BLOCK_CAPTURE_AUTORELEASING = YES;
				CLANG_WARN_BOOL_CONVERSION = YES;
				CLANG_WARN_COMMA = YES;
				CLANG_WARN_CONSTANT_CONVERSION = YES;
				CLANG_WARN_DEPRECATED_OBJC_IMPLEMENTATIONS = YES;
				CLANG_WARN_DIRECT_OBJC_ISA_USAGE = YES_ERROR;
				CLANG_WARN_DOCUMENTATION_COMMENTS = YES;
				CLANG_WARN_EMPTY_BODY = YES;
				CLANG_WARN_ENUM_CONVERSION = YES;
				CLANG_WARN_INFINITE_RECURSION = YES;
				CLANG_WARN_INT_CONVERSION = YES;
				CLANG_WARN_NON_LITERAL_NULL_CONVERSION = YES;
				CLANG_WARN_OBJC_IMPLICIT_RETAIN_SELF = YES;
				CLANG_WARN_OBJC_LITERAL_CONVERSION = YES;
				CLANG_WARN_OBJC_ROOT_CLASS = YES_ERROR;
				CLANG_WARN_QUOTED_INCLUDE_IN_FRAMEWORK_HEADER = YES;
				CLANG_WARN_RANGE_LOOP_ANALYSIS = YES;
				CLANG_WARN_STRICT_PROTOTYPES = YES;
				CLANG_WARN_SUSPICIOUS_MOVE = YES;
				CLANG_WARN_UNGUARDED_AVAILABILITY = YES_AGGRESSIVE;
				CLANG_WARN_UNREACHABLE_CODE = YES;
				CLANG_WARN__DUPLICATE_METHOD_MATCH = YES;
				COPY_PHASE_STRIP = NO;
				DEBUG_INFORMATION_FORMAT = dwarf;
				ENABLE_STRICT_OBJC_MSGSEND = YES;
				ENABLE_TESTABILITY = YES;
				ENABLE_USER_SCRIPT_SANDBOXING = YES;
				GCC_C_LANGUAGE_STANDARD = gnu17;
				GCC_DYNAMIC_NO_PIC = NO;
				GCC_NO_COMMON_BLOCKS = YES;
				GCC_OPTIMIZATION_LEVEL = 0;
				GCC_PREPROCESSOR_DEFINITIONS = (
					"DEBUG=1",
					"$(inherited)",
				);
				GCC_WARN_64_TO_32_BIT_CONVERSION = YES;
				GCC_WARN_ABOUT_RETURN_TYPE = YES_ERROR;
				GCC_WARN_UNDECLARED_SELECTOR = YES;
				GCC_WARN_UNINITIALIZED_AUTOS = YES_AGGRESSIVE;
				GCC_WARN_UNUSED_FUNCTION = YES;
				GCC_WARN_UNUSED_VARIABLE = YES;
				IPHONEOS_DEPLOYMENT_TARGET = 17.5;
				LOCALIZATION_PREFERS_STRING_CATALOGS = YES;
				MTL_ENABLE_DEBUG_INFO = INCLUDE_SOURCE;
				MTL_FAST_MATH = YES;
				ONLY_ACTIVE_ARCH = YES;
				SDKROOT = iphoneos;
				SWIFT_ACTIVE_COMPILATION_CONDITIONS = "DEBUG $(inherited)";
				SWIFT_OPTIMIZATION_LEVEL = "-Onone";
			};
			name = Debug;
		};
		C646C6F72C61C90100611D5A /* Release */ = {
			isa = XCBuildConfiguration;
			buildSettings = {
				ALWAYS_SEARCH_USER_PATHS = NO;
				ASSETCATALOG_COMPILER_GENERATE_SWIFT_ASSET_SYMBOL_EXTENSIONS = YES;
				CLANG_ANALYZER_NONNULL = YES;
				CLANG_ANALYZER_NUMBER_OBJECT_CONVERSION = YES_AGGRESSIVE;
				CLANG_CXX_LANGUAGE_STANDARD = "gnu++20";
				CLANG_ENABLE_MODULES = YES;
				CLANG_ENABLE_OBJC_ARC = YES;
				CLANG_ENABLE_OBJC_WEAK = YES;
				CLANG_WARN_BLOCK_CAPTURE_AUTORELEASING = YES;
				CLANG_WARN_BOOL_CONVERSION = YES;
				CLANG_WARN_COMMA = YES;
				CLANG_WARN_CONSTANT_CONVERSION = YES;
				CLANG_WARN_DEPRECATED_OBJC_IMPLEMENTATIONS = YES;
				CLANG_WARN_DIRECT_OBJC_ISA_USAGE = YES_ERROR;
				CLANG_WARN_DOCUMENTATION_COMMENTS = YES;
				CLANG_WARN_EMPTY_BODY = YES;
				CLANG_WARN_ENUM_CONVERSION = YES;
				CLANG_WARN_INFINITE_RECURSION = YES;
				CLANG_WARN_INT_CONVERSION = YES;
				CLANG_WARN_NON_LITERAL_NULL_CONVERSION = YES;
				CLANG_WARN_OBJC_IMPLICIT_RETAIN_SELF = YES;
				CLANG_WARN_OBJC_LITERAL_CONVERSION = YES;
				CLANG_WARN_OBJC_ROOT_CLASS = YES_ERROR;
				CLANG_WARN_QUOTED_INCLUDE_IN_FRAMEWORK_HEADER = YES;
				CLANG_WARN_RANGE_LOOP_ANALYSIS = YES;
				CLANG_WARN_STRICT_PROTOTYPES = YES;
				CLANG_WARN_SUSPICIOUS_MOVE = YES;
				CLANG_WARN_UNGUARDED_AVAILABILITY = YES_AGGRESSIVE;
				CLANG_WARN_UNREACHABLE_CODE = YES;
				CLANG_WARN__DUPLICATE_METHOD_MATCH = YES;
				COPY_PHASE_STRIP = NO;
				DEBUG_INFORMATION_FORMAT = "dwarf-with-dsym";
				ENABLE_NS_ASSERTIONS = NO;
				ENABLE_STRICT_OBJC_MSGSEND = YES;
				ENABLE_USER_SCRIPT_SANDBOXING = YES;
				GCC_C_LANGUAGE_STANDARD = gnu17;
				GCC_NO_COMMON_BLOCKS = YES;
				GCC_WARN_64_TO_32_BIT_CONVERSION = YES;
				GCC_WARN_ABOUT_RETURN_TYPE = YES_ERROR;
				GCC_WARN_UNDECLARED_SELECTOR = YES;
				GCC_WARN_UNINITIALIZED_AUTOS = YES_AGGRESSIVE;
				GCC_WARN_UNUSED_FUNCTION = YES;
				GCC_WARN_UNUSED_VARIABLE = YES;
				IPHONEOS_DEPLOYMENT_TARGET = 17.5;
				LOCALIZATION_PREFERS_STRING_CATALOGS = YES;
				MTL_ENABLE_DEBUG_INFO = NO;
				MTL_FAST_MATH = YES;
				SDKROOT = iphoneos;
				SWIFT_COMPILATION_MODE = wholemodule;
				VALIDATE_PRODUCT = YES;
			};
			name = Release;
		};
		C646C6F92C61C90100611D5A /* Debug */ = {
			isa = XCBuildConfiguration;
			buildSettings = {
				ASSETCATALOG_COMPILER_APPICON_NAME = AppIcon;
				ASSETCATALOG_COMPILER_GLOBAL_ACCENT_COLOR_NAME = AccentColor;
				CODE_SIGN_STYLE = Automatic;
				CURRENT_PROJECT_VERSION = 1;
				GENERATE_INFOPLIST_FILE = YES;
				INFOPLIST_FILE = AconesDemo/Info.plist;
				INFOPLIST_KEY_UIApplicationSupportsIndirectInputEvents = YES;
				INFOPLIST_KEY_UILaunchStoryboardName = LaunchScreen;
				INFOPLIST_KEY_UIMainStoryboardFile = Main;
				INFOPLIST_KEY_UISupportedInterfaceOrientations = UIInterfaceOrientationPortrait;
				LD_RUNPATH_SEARCH_PATHS = (
					"$(inherited)",
					"@executable_path/Frameworks",
				);
				MARKETING_VERSION = 1.0;
				PRODUCT_BUNDLE_IDENTIFIER = me.caver.AconesDemo;
				PRODUCT_NAME = "$(TARGET_NAME)";
				SUPPORTED_PLATFORMS = "iphoneos iphonesimulator";
				SUPPORTS_MACCATALYST = NO;
				SUPPORTS_MAC_DESIGNED_FOR_IPHONE_IPAD = NO;
				SUPPORTS_XR_DESIGNED_FOR_IPHONE_IPAD = NO;
				SWIFT_EMIT_LOC_STRINGS = YES;
				SWIFT_VERSION = 5.0;
				TARGETED_DEVICE_FAMILY = "1,2";
			};
			name = Debug;
		};
		C646C6FA2C61C90100611D5A /* Release */ = {
			isa = XCBuildConfiguration;
			buildSettings = {
				ASSETCATALOG_COMPILER_APPICON_NAME = AppIcon;
				ASSETCATALOG_COMPILER_GLOBAL_ACCENT_COLOR_NAME = AccentColor;
				CODE_SIGN_STYLE = Automatic;
				CURRENT_PROJECT_VERSION = 1;
				GENERATE_INFOPLIST_FILE = YES;
				INFOPLIST_FILE = AconesDemo/Info.plist;
				INFOPLIST_KEY_UIApplicationSupportsIndirectInputEvents = YES;
				INFOPLIST_KEY_UILaunchStoryboardName = LaunchScreen;
				INFOPLIST_KEY_UIMainStoryboardFile = Main;
				INFOPLIST_KEY_UISupportedInterfaceOrientations = UIInterfaceOrientationPortrait;
				LD_RUNPATH_SEARCH_PATHS = (
					"$(inherited)",
					"@executable_path/Frameworks",
				);
				MARKETING_VERSION = 1.0;
				PRODUCT_BUNDLE_IDENTIFIER = me.caver.AconesDemo;
				PRODUCT_NAME = "$(TARGET_NAME)";
				SUPPORTED_PLATFORMS = "iphoneos iphonesimulator";
				SUPPORTS_MACCATALYST = NO;
				SUPPORTS_MAC_DESIGNED_FOR_IPHONE_IPAD = NO;
				SUPPORTS_XR_DESIGNED_FOR_IPHONE_IPAD = NO;
				SWIFT_EMIT_LOC_STRINGS = YES;
				SWIFT_VERSION = 5.0;
				TARGETED_DEVICE_FAMILY = "1,2";
			};
			name = Release;
		};
/* End XCBuildConfiguration section */

/* Begin XCConfigurationList section */
		C646C6DF2C61C8FF00611D5A /* Build configuration list for PBXProject "AconesDemo" */ = {
			isa = XCConfigurationList;
			buildConfigurations = (
				C646C6F62C61C90100611D5A /* Debug */,
				C646C6F72C61C90100611D5A /* Release */,
			);
			defaultConfigurationIsVisible = 0;
			defaultConfigurationName = Release;
		};
		C646C6F82C61C90100611D5A /* Build configuration list for PBXNativeTarget "AconesDemo" */ = {
			isa = XCConfigurationList;
			buildConfigurations = (
				C646C6F92C61C90100611D5A /* Debug */,
				C646C6FA2C61C90100611D5A /* Release */,
			);
			defaultConfigurationIsVisible = 0;
			defaultConfigurationName = Release;
		};
/* End XCConfigurationList section */

/* Begin XCRemoteSwiftPackageReference section */
		C646C6FD2C61CD3E00611D5A /* XCRemoteSwiftPackageReference "Kingfisher" */ = {
			isa = XCRemoteSwiftPackageReference;
			repositoryURL = "https://github.com/onevcat/Kingfisher.git";
			requirement = {
				kind = upToNextMajorVersion;
				minimumVersion = 7.12.0;
			};
		};
		C646C7002C61CD4D00611D5A /* XCRemoteSwiftPackageReference "SwiftDraw" */ = {
			isa = XCRemoteSwiftPackageReference;
			repositoryURL = "https://github.com/swhitty/SwiftDraw.git";
			requirement = {
				kind = upToNextMajorVersion;
				minimumVersion = 0.17.0;
			};
		};
/* End XCRemoteSwiftPackageReference section */

/* Begin XCSwiftPackageProductDependency section */
		C646C6FE2C61CD3E00611D5A /* Kingfisher */ = {
			isa = XCSwiftPackageProductDependency;
			package = C646C6FD2C61CD3E00611D5A /* XCRemoteSwiftPackageReference "Kingfisher" */;
			productName = Kingfisher;
		};
		C646C7012C61CD4D00611D5A /* SwiftDraw */ = {
			isa = XCSwiftPackageProductDependency;
			package = C646C7002C61CD4D00611D5A /* XCRemoteSwiftPackageReference "SwiftDraw" */;
			productName = SwiftDraw;
		};
/* End XCSwiftPackageProductDependency section */
	};
	rootObject = C646C6DC2C61C8FF00611D5A /* Project object */;
}
